
Microsoft Visual Studio Solution File, Format Version 12.00
# Visual Studio 2012
VisualStudioVersion = 12.0.31101.0
MinimumVisualStudioVersion = 10.0.40219.1
Project("{FAE04EC0-301F-11D3-BF4B-00C04F79EFBC}") = "Tesseract.Binding.iOS", "Tesseract.Binding.iOS\Tesseract.Binding.iOS.csproj", "{0580A057-E0F9-432B-AD9C-964451F7DF54}"
EndProject
Project("{FAE04EC0-301F-11D3-BF4B-00C04F79EFBC}") = "Tesseract.iOS", "Tesseract.iOS\Tesseract.iOS.csproj", "{E80589FC-5034-40A6-A946-4FF45513CB95}"
EndProject
Project("{FAE04EC0-301F-11D3-BF4B-00C04F79EFBC}") = "Tesseract.Binding.Droid", "Tesseract.Binding.Droid\Tesseract.Binding.Droid.csproj", "{F943CAFB-0FF9-46A8-8698-95F0BE6E3A86}"
EndProject
Project("{FAE04EC0-301F-11D3-BF4B-00C04F79EFBC}") = "Tesseract.Droid", "Tesseract.Droid\Tesseract.Droid.csproj", "{75FE46B1-71EB-4525-89F9-278799B5C823}"
EndProject
Project("{2150E333-8FDC-42A3-9474-1A3956D46DE8}") = "Test", "Test", "{05CA61A2-4D25-4221-8619-12D318E5A3D6}"
EndProject
Project("{FAE04EC0-301F-11D3-BF4B-00C04F79EFBC}") = "Tesseract.Forms.Test", "Tesseract.Forms.Test\Tesseract.Forms.Test\Tesseract.Forms.Test.csproj", "{ADCD6BCA-2092-4E62-B002-A5A4183B96A3}"
EndProject
Project("{FAE04EC0-301F-11D3-BF4B-00C04F79EFBC}") = "Tesseract.Forms.Test.Droid", "Tesseract.Forms.Test\Tesseract.Forms.Test.Droid\Tesseract.Forms.Test.Droid.csproj", "{BC7F781E-65D6-42F9-8244-4804EF778B2C}"
EndProject
Project("{FAE04EC0-301F-11D3-BF4B-00C04F79EFBC}") = "Tesseract.Forms.Test.iOS", "Tesseract.Forms.Test\Tesseract.Forms.Test.iOS\Tesseract.Forms.Test.iOS.csproj", "{A9AFD0AE-ACFA-4441-B37E-0BD44ACCC431}"
EndProject
Project("{FAE04EC0-301F-11D3-BF4B-00C04F79EFBC}") = "Tesseract.Test.Droid", "Tesseract.Forms.Test\Tesseract.Test.Droid\Tesseract.Test.Droid.csproj", "{C1EDAE6A-2FE9-4844-B87E-032E00A15FD6}"
EndProject
Project("{FAE04EC0-301F-11D3-BF4B-00C04F79EFBC}") = "Tesseract", "Tesseract\Tesseract.csproj", "{F39B9D88-09F7-4B04-9476-BF01A75E46DE}"
EndProject
Project("{2150E333-8FDC-42A3-9474-1A3956D46DE8}") = "SolutionItems", "SolutionItems", "{7F6CD936-75D2-4BDC-B3F4-BD57B7B8EE55}"
	ProjectSection(SolutionItems) = preProject
		README.md = README.md
		Xamarin.Tesseract.nuspec = Xamarin.Tesseract.nuspec
	EndProjectSection
EndProject
Project("{2150E333-8FDC-42A3-9474-1A3956D46DE8}") = "UnitTest", "UnitTest", "{D3441B4E-A7B1-4A3A-AF53-D0D141E9BC2A}"
EndProject
Project("{FAE04EC0-301F-11D3-BF4B-00C04F79EFBC}") = "Tesseract.Droid.Test", "UnitTest\Tesseract.Droid.Test\Tesseract.Droid.Test.csproj", "{F233F474-E161-4D38-9078-2BCDAF0F1207}"
EndProject
Global
	GlobalSection(SolutionConfigurationPlatforms) = preSolution
		Ad-Hoc|Any CPU = Ad-Hoc|Any CPU
		Ad-Hoc|ARM = Ad-Hoc|ARM
		Ad-Hoc|iPhone = Ad-Hoc|iPhone
		Ad-Hoc|iPhoneSimulator = Ad-Hoc|iPhoneSimulator
		Ad-Hoc|Mixed Platforms = Ad-Hoc|Mixed Platforms
		Ad-Hoc|x86 = Ad-Hoc|x86
		AppStore|Any CPU = AppStore|Any CPU
		AppStore|ARM = AppStore|ARM
		AppStore|iPhone = AppStore|iPhone
		AppStore|iPhoneSimulator = AppStore|iPhoneSimulator
		AppStore|Mixed Platforms = AppStore|Mixed Platforms
		AppStore|x86 = AppStore|x86
		Debug|Any CPU = Debug|Any CPU
		Debug|ARM = Debug|ARM
		Debug|iPhone = Debug|iPhone
		Debug|iPhoneSimulator = Debug|iPhoneSimulator
		Debug|Mixed Platforms = Debug|Mixed Platforms
		Debug|x86 = Debug|x86
		Release|Any CPU = Release|Any CPU
		Release|ARM = Release|ARM
		Release|iPhone = Release|iPhone
		Release|iPhoneSimulator = Release|iPhoneSimulator
		Release|Mixed Platforms = Release|Mixed Platforms
		Release|x86 = Release|x86
	EndGlobalSection
	GlobalSection(ProjectConfigurationPlatforms) = postSolution
		{0580A057-E0F9-432B-AD9C-964451F7DF54}.Ad-Hoc|Any CPU.ActiveCfg = Release|Any CPU
		{0580A057-E0F9-432B-AD9C-964451F7DF54}.Ad-Hoc|Any CPU.Build.0 = Release|Any CPU
		{0580A057-E0F9-432B-AD9C-964451F7DF54}.Ad-Hoc|ARM.ActiveCfg = Debug|Any CPU
		{0580A057-E0F9-432B-AD9C-964451F7DF54}.Ad-Hoc|iPhone.ActiveCfg = Release|Any CPU
		{0580A057-E0F9-432B-AD9C-964451F7DF54}.Ad-Hoc|iPhoneSimulator.ActiveCfg = Release|Any CPU
		{0580A057-E0F9-432B-AD9C-964451F7DF54}.Ad-Hoc|Mixed Platforms.ActiveCfg = Release|Any CPU
		{0580A057-E0F9-432B-AD9C-964451F7DF54}.Ad-Hoc|Mixed Platforms.Build.0 = Release|Any CPU
		{0580A057-E0F9-432B-AD9C-964451F7DF54}.Ad-Hoc|x86.ActiveCfg = Debug|Any CPU
		{0580A057-E0F9-432B-AD9C-964451F7DF54}.AppStore|Any CPU.ActiveCfg = Release|Any CPU
		{0580A057-E0F9-432B-AD9C-964451F7DF54}.AppStore|Any CPU.Build.0 = Release|Any CPU
		{0580A057-E0F9-432B-AD9C-964451F7DF54}.AppStore|ARM.ActiveCfg = Debug|Any CPU
		{0580A057-E0F9-432B-AD9C-964451F7DF54}.AppStore|iPhone.ActiveCfg = Release|Any CPU
		{0580A057-E0F9-432B-AD9C-964451F7DF54}.AppStore|iPhoneSimulator.ActiveCfg = Release|Any CPU
		{0580A057-E0F9-432B-AD9C-964451F7DF54}.AppStore|Mixed Platforms.ActiveCfg = Release|Any CPU
		{0580A057-E0F9-432B-AD9C-964451F7DF54}.AppStore|Mixed Platforms.Build.0 = Release|Any CPU
		{0580A057-E0F9-432B-AD9C-964451F7DF54}.AppStore|x86.ActiveCfg = Debug|Any CPU
		{0580A057-E0F9-432B-AD9C-964451F7DF54}.Debug|Any CPU.ActiveCfg = Debug|Any CPU
		{0580A057-E0F9-432B-AD9C-964451F7DF54}.Debug|Any CPU.Build.0 = Debug|Any CPU
		{0580A057-E0F9-432B-AD9C-964451F7DF54}.Debug|ARM.ActiveCfg = Debug|Any CPU
		{0580A057-E0F9-432B-AD9C-964451F7DF54}.Debug|iPhone.ActiveCfg = Debug|Any CPU
		{0580A057-E0F9-432B-AD9C-964451F7DF54}.Debug|iPhone.Build.0 = Debug|Any CPU
		{0580A057-E0F9-432B-AD9C-964451F7DF54}.Debug|iPhoneSimulator.ActiveCfg = Debug|Any CPU
		{0580A057-E0F9-432B-AD9C-964451F7DF54}.Debug|iPhoneSimulator.Build.0 = Debug|Any CPU
		{0580A057-E0F9-432B-AD9C-964451F7DF54}.Debug|Mixed Platforms.ActiveCfg = Debug|Any CPU
		{0580A057-E0F9-432B-AD9C-964451F7DF54}.Debug|Mixed Platforms.Build.0 = Debug|Any CPU
		{0580A057-E0F9-432B-AD9C-964451F7DF54}.Debug|x86.ActiveCfg = Debug|Any CPU
		{0580A057-E0F9-432B-AD9C-964451F7DF54}.Release|Any CPU.ActiveCfg = Release|Any CPU
		{0580A057-E0F9-432B-AD9C-964451F7DF54}.Release|Any CPU.Build.0 = Release|Any CPU
		{0580A057-E0F9-432B-AD9C-964451F7DF54}.Release|ARM.ActiveCfg = Release|Any CPU
		{0580A057-E0F9-432B-AD9C-964451F7DF54}.Release|iPhone.ActiveCfg = Release|Any CPU
		{0580A057-E0F9-432B-AD9C-964451F7DF54}.Release|iPhoneSimulator.ActiveCfg = Release|Any CPU
		{0580A057-E0F9-432B-AD9C-964451F7DF54}.Release|Mixed Platforms.ActiveCfg = Release|Any CPU
		{0580A057-E0F9-432B-AD9C-964451F7DF54}.Release|Mixed Platforms.Build.0 = Release|Any CPU
		{0580A057-E0F9-432B-AD9C-964451F7DF54}.Release|x86.ActiveCfg = Release|Any CPU
		{75FE46B1-71EB-4525-89F9-278799B5C823}.Ad-Hoc|Any CPU.ActiveCfg = Release|Any CPU
		{75FE46B1-71EB-4525-89F9-278799B5C823}.Ad-Hoc|Any CPU.Build.0 = Release|Any CPU
		{75FE46B1-71EB-4525-89F9-278799B5C823}.Ad-Hoc|ARM.ActiveCfg = Release|Any CPU
		{75FE46B1-71EB-4525-89F9-278799B5C823}.Ad-Hoc|iPhone.ActiveCfg = Release|Any CPU
		{75FE46B1-71EB-4525-89F9-278799B5C823}.Ad-Hoc|iPhoneSimulator.ActiveCfg = Release|Any CPU
		{75FE46B1-71EB-4525-89F9-278799B5C823}.Ad-Hoc|Mixed Platforms.ActiveCfg = Release|Any CPU
		{75FE46B1-71EB-4525-89F9-278799B5C823}.Ad-Hoc|Mixed Platforms.Build.0 = Release|Any CPU
		{75FE46B1-71EB-4525-89F9-278799B5C823}.Ad-Hoc|x86.ActiveCfg = Release|Any CPU
		{75FE46B1-71EB-4525-89F9-278799B5C823}.AppStore|Any CPU.ActiveCfg = Release|Any CPU
		{75FE46B1-71EB-4525-89F9-278799B5C823}.AppStore|Any CPU.Build.0 = Release|Any CPU
		{75FE46B1-71EB-4525-89F9-278799B5C823}.AppStore|ARM.ActiveCfg = Release|Any CPU
		{75FE46B1-71EB-4525-89F9-278799B5C823}.AppStore|iPhone.ActiveCfg = Release|Any CPU
		{75FE46B1-71EB-4525-89F9-278799B5C823}.AppStore|iPhoneSimulator.ActiveCfg = Release|Any CPU
		{75FE46B1-71EB-4525-89F9-278799B5C823}.AppStore|Mixed Platforms.ActiveCfg = Release|Any CPU
		{75FE46B1-71EB-4525-89F9-278799B5C823}.AppStore|Mixed Platforms.Build.0 = Release|Any CPU
		{75FE46B1-71EB-4525-89F9-278799B5C823}.AppStore|x86.ActiveCfg = Release|Any CPU
		{75FE46B1-71EB-4525-89F9-278799B5C823}.Debug|Any CPU.ActiveCfg = Debug|Any CPU
		{75FE46B1-71EB-4525-89F9-278799B5C823}.Debug|Any CPU.Build.0 = Debug|Any CPU
		{75FE46B1-71EB-4525-89F9-278799B5C823}.Debug|ARM.ActiveCfg = Debug|Any CPU
		{75FE46B1-71EB-4525-89F9-278799B5C823}.Debug|iPhone.ActiveCfg = Debug|Any CPU
		{75FE46B1-71EB-4525-89F9-278799B5C823}.Debug|iPhone.Build.0 = Debug|Any CPU
		{75FE46B1-71EB-4525-89F9-278799B5C823}.Debug|iPhoneSimulator.ActiveCfg = Debug|Any CPU
		{75FE46B1-71EB-4525-89F9-278799B5C823}.Debug|iPhoneSimulator.Build.0 = Debug|Any CPU
		{75FE46B1-71EB-4525-89F9-278799B5C823}.Debug|Mixed Platforms.ActiveCfg = Debug|Any CPU
		{75FE46B1-71EB-4525-89F9-278799B5C823}.Debug|Mixed Platforms.Build.0 = Debug|Any CPU
		{75FE46B1-71EB-4525-89F9-278799B5C823}.Debug|x86.ActiveCfg = Debug|Any CPU
		{75FE46B1-71EB-4525-89F9-278799B5C823}.Release|Any CPU.ActiveCfg = Release|Any CPU
		{75FE46B1-71EB-4525-89F9-278799B5C823}.Release|Any CPU.Build.0 = Release|Any CPU
		{75FE46B1-71EB-4525-89F9-278799B5C823}.Release|ARM.ActiveCfg = Release|Any CPU
		{75FE46B1-71EB-4525-89F9-278799B5C823}.Release|iPhone.ActiveCfg = Release|Any CPU
		{75FE46B1-71EB-4525-89F9-278799B5C823}.Release|iPhoneSimulator.ActiveCfg = Release|Any CPU
		{75FE46B1-71EB-4525-89F9-278799B5C823}.Release|Mixed Platforms.ActiveCfg = Release|Any CPU
		{75FE46B1-71EB-4525-89F9-278799B5C823}.Release|Mixed Platforms.Build.0 = Release|Any CPU
		{75FE46B1-71EB-4525-89F9-278799B5C823}.Release|x86.ActiveCfg = Release|Any CPU
		{A9AFD0AE-ACFA-4441-B37E-0BD44ACCC431}.Ad-Hoc|Any CPU.ActiveCfg = Debug|iPhoneSimulator
		{A9AFD0AE-ACFA-4441-B37E-0BD44ACCC431}.Ad-Hoc|Any CPU.Build.0 = Debug|iPhoneSimulator
		{A9AFD0AE-ACFA-4441-B37E-0BD44ACCC431}.Ad-Hoc|ARM.ActiveCfg = Debug|iPhoneSimulator
		{A9AFD0AE-ACFA-4441-B37E-0BD44ACCC431}.Ad-Hoc|ARM.Build.0 = Debug|iPhoneSimulator
		{A9AFD0AE-ACFA-4441-B37E-0BD44ACCC431}.Ad-Hoc|iPhone.ActiveCfg = Release|iPhone
		{A9AFD0AE-ACFA-4441-B37E-0BD44ACCC431}.Ad-Hoc|iPhone.Build.0 = Release|iPhone
		{A9AFD0AE-ACFA-4441-B37E-0BD44ACCC431}.Ad-Hoc|iPhoneSimulator.ActiveCfg = Debug|iPhoneSimulator
		{A9AFD0AE-ACFA-4441-B37E-0BD44ACCC431}.Ad-Hoc|iPhoneSimulator.Build.0 = Debug|iPhoneSimulator
		{A9AFD0AE-ACFA-4441-B37E-0BD44ACCC431}.Ad-Hoc|Mixed Platforms.ActiveCfg = Debug|iPhoneSimulator
		{A9AFD0AE-ACFA-4441-B37E-0BD44ACCC431}.Ad-Hoc|Mixed Platforms.Build.0 = Debug|iPhoneSimulator
		{A9AFD0AE-ACFA-4441-B37E-0BD44ACCC431}.Ad-Hoc|x86.ActiveCfg = Debug|iPhoneSimulator
		{A9AFD0AE-ACFA-4441-B37E-0BD44ACCC431}.Ad-Hoc|x86.Build.0 = Debug|iPhoneSimulator
		{A9AFD0AE-ACFA-4441-B37E-0BD44ACCC431}.AppStore|Any CPU.ActiveCfg = Debug|iPhoneSimulator
		{A9AFD0AE-ACFA-4441-B37E-0BD44ACCC431}.AppStore|Any CPU.Build.0 = Debug|iPhoneSimulator
		{A9AFD0AE-ACFA-4441-B37E-0BD44ACCC431}.AppStore|ARM.ActiveCfg = Debug|iPhoneSimulator
		{A9AFD0AE-ACFA-4441-B37E-0BD44ACCC431}.AppStore|ARM.Build.0 = Debug|iPhoneSimulator
		{A9AFD0AE-ACFA-4441-B37E-0BD44ACCC431}.AppStore|iPhone.ActiveCfg = Release|iPhone
		{A9AFD0AE-ACFA-4441-B37E-0BD44ACCC431}.AppStore|iPhone.Build.0 = Release|iPhone
		{A9AFD0AE-ACFA-4441-B37E-0BD44ACCC431}.AppStore|iPhoneSimulator.ActiveCfg = Debug|iPhoneSimulator
		{A9AFD0AE-ACFA-4441-B37E-0BD44ACCC431}.AppStore|iPhoneSimulator.Build.0 = Debug|iPhoneSimulator
		{A9AFD0AE-ACFA-4441-B37E-0BD44ACCC431}.AppStore|Mixed Platforms.ActiveCfg = Debug|iPhoneSimulator
		{A9AFD0AE-ACFA-4441-B37E-0BD44ACCC431}.AppStore|Mixed Platforms.Build.0 = Debug|iPhoneSimulator
		{A9AFD0AE-ACFA-4441-B37E-0BD44ACCC431}.AppStore|x86.ActiveCfg = Debug|iPhoneSimulator
		{A9AFD0AE-ACFA-4441-B37E-0BD44ACCC431}.AppStore|x86.Build.0 = Debug|iPhoneSimulator
		{A9AFD0AE-ACFA-4441-B37E-0BD44ACCC431}.Debug|Any CPU.ActiveCfg = Debug|iPhoneSimulator
		{A9AFD0AE-ACFA-4441-B37E-0BD44ACCC431}.Debug|Any CPU.Build.0 = Debug|iPhoneSimulator
		{A9AFD0AE-ACFA-4441-B37E-0BD44ACCC431}.Debug|ARM.ActiveCfg = Debug|iPhoneSimulator
		{A9AFD0AE-ACFA-4441-B37E-0BD44ACCC431}.Debug|ARM.Build.0 = Debug|iPhoneSimulator
		{A9AFD0AE-ACFA-4441-B37E-0BD44ACCC431}.Debug|iPhone.ActiveCfg = Debug|iPhone
		{A9AFD0AE-ACFA-4441-B37E-0BD44ACCC431}.Debug|iPhone.Build.0 = Debug|iPhone
		{A9AFD0AE-ACFA-4441-B37E-0BD44ACCC431}.Debug|iPhoneSimulator.ActiveCfg = Debug|iPhoneSimulator
		{A9AFD0AE-ACFA-4441-B37E-0BD44ACCC431}.Debug|iPhoneSimulator.Build.0 = Debug|iPhoneSimulator
		{A9AFD0AE-ACFA-4441-B37E-0BD44ACCC431}.Debug|Mixed Platforms.ActiveCfg = Debug|iPhoneSimulator
		{A9AFD0AE-ACFA-4441-B37E-0BD44ACCC431}.Debug|Mixed Platforms.Build.0 = Debug|iPhoneSimulator
		{A9AFD0AE-ACFA-4441-B37E-0BD44ACCC431}.Debug|x86.ActiveCfg = Debug|iPhoneSimulator
		{A9AFD0AE-ACFA-4441-B37E-0BD44ACCC431}.Debug|x86.Build.0 = Debug|iPhoneSimulator
		{A9AFD0AE-ACFA-4441-B37E-0BD44ACCC431}.Release|Any CPU.ActiveCfg = Release|iPhone
		{A9AFD0AE-ACFA-4441-B37E-0BD44ACCC431}.Release|Any CPU.Build.0 = Release|iPhone
		{A9AFD0AE-ACFA-4441-B37E-0BD44ACCC431}.Release|ARM.ActiveCfg = Release|iPhone
		{A9AFD0AE-ACFA-4441-B37E-0BD44ACCC431}.Release|ARM.Build.0 = Release|iPhone
		{A9AFD0AE-ACFA-4441-B37E-0BD44ACCC431}.Release|iPhone.ActiveCfg = Release|iPhone
		{A9AFD0AE-ACFA-4441-B37E-0BD44ACCC431}.Release|iPhone.Build.0 = Release|iPhone
		{A9AFD0AE-ACFA-4441-B37E-0BD44ACCC431}.Release|iPhoneSimulator.ActiveCfg = Release|iPhoneSimulator
		{A9AFD0AE-ACFA-4441-B37E-0BD44ACCC431}.Release|iPhoneSimulator.Build.0 = Release|iPhoneSimulator
		{A9AFD0AE-ACFA-4441-B37E-0BD44ACCC431}.Release|Mixed Platforms.ActiveCfg = Release|iPhone
		{A9AFD0AE-ACFA-4441-B37E-0BD44ACCC431}.Release|Mixed Platforms.Build.0 = Release|iPhone
		{A9AFD0AE-ACFA-4441-B37E-0BD44ACCC431}.Release|x86.ActiveCfg = Release|iPhone
		{A9AFD0AE-ACFA-4441-B37E-0BD44ACCC431}.Release|x86.Build.0 = Release|iPhone
		{ADCD6BCA-2092-4E62-B002-A5A4183B96A3}.Ad-Hoc|Any CPU.ActiveCfg = Release|Any CPU
		{ADCD6BCA-2092-4E62-B002-A5A4183B96A3}.Ad-Hoc|Any CPU.Build.0 = Release|Any CPU
		{ADCD6BCA-2092-4E62-B002-A5A4183B96A3}.Ad-Hoc|ARM.ActiveCfg = Release|Any CPU
		{ADCD6BCA-2092-4E62-B002-A5A4183B96A3}.Ad-Hoc|iPhone.ActiveCfg = Release|Any CPU
		{ADCD6BCA-2092-4E62-B002-A5A4183B96A3}.Ad-Hoc|iPhoneSimulator.ActiveCfg = Release|Any CPU
		{ADCD6BCA-2092-4E62-B002-A5A4183B96A3}.Ad-Hoc|Mixed Platforms.ActiveCfg = Release|Any CPU
		{ADCD6BCA-2092-4E62-B002-A5A4183B96A3}.Ad-Hoc|Mixed Platforms.Build.0 = Release|Any CPU
		{ADCD6BCA-2092-4E62-B002-A5A4183B96A3}.Ad-Hoc|x86.ActiveCfg = Release|Any CPU
		{ADCD6BCA-2092-4E62-B002-A5A4183B96A3}.AppStore|Any CPU.ActiveCfg = Release|Any CPU
		{ADCD6BCA-2092-4E62-B002-A5A4183B96A3}.AppStore|Any CPU.Build.0 = Release|Any CPU
		{ADCD6BCA-2092-4E62-B002-A5A4183B96A3}.AppStore|ARM.ActiveCfg = Release|Any CPU
		{ADCD6BCA-2092-4E62-B002-A5A4183B96A3}.AppStore|iPhone.ActiveCfg = Release|Any CPU
		{ADCD6BCA-2092-4E62-B002-A5A4183B96A3}.AppStore|iPhoneSimulator.ActiveCfg = Release|Any CPU
		{ADCD6BCA-2092-4E62-B002-A5A4183B96A3}.AppStore|Mixed Platforms.ActiveCfg = Release|Any CPU
		{ADCD6BCA-2092-4E62-B002-A5A4183B96A3}.AppStore|Mixed Platforms.Build.0 = Release|Any CPU
		{ADCD6BCA-2092-4E62-B002-A5A4183B96A3}.AppStore|x86.ActiveCfg = Release|Any CPU
		{ADCD6BCA-2092-4E62-B002-A5A4183B96A3}.Debug|Any CPU.ActiveCfg = Debug|Any CPU
		{ADCD6BCA-2092-4E62-B002-A5A4183B96A3}.Debug|Any CPU.Build.0 = Debug|Any CPU
		{ADCD6BCA-2092-4E62-B002-A5A4183B96A3}.Debug|ARM.ActiveCfg = Debug|Any CPU
		{ADCD6BCA-2092-4E62-B002-A5A4183B96A3}.Debug|iPhone.ActiveCfg = Debug|Any CPU
		{ADCD6BCA-2092-4E62-B002-A5A4183B96A3}.Debug|iPhone.Build.0 = Debug|Any CPU
		{ADCD6BCA-2092-4E62-B002-A5A4183B96A3}.Debug|iPhoneSimulator.ActiveCfg = Debug|Any CPU
		{ADCD6BCA-2092-4E62-B002-A5A4183B96A3}.Debug|iPhoneSimulator.Build.0 = Debug|Any CPU
		{ADCD6BCA-2092-4E62-B002-A5A4183B96A3}.Debug|Mixed Platforms.ActiveCfg = Debug|Any CPU
		{ADCD6BCA-2092-4E62-B002-A5A4183B96A3}.Debug|Mixed Platforms.Build.0 = Debug|Any CPU
		{ADCD6BCA-2092-4E62-B002-A5A4183B96A3}.Debug|x86.ActiveCfg = Debug|Any CPU
		{ADCD6BCA-2092-4E62-B002-A5A4183B96A3}.Release|Any CPU.ActiveCfg = Release|Any CPU
		{ADCD6BCA-2092-4E62-B002-A5A4183B96A3}.Release|Any CPU.Build.0 = Release|Any CPU
		{ADCD6BCA-2092-4E62-B002-A5A4183B96A3}.Release|ARM.ActiveCfg = Release|Any CPU
		{ADCD6BCA-2092-4E62-B002-A5A4183B96A3}.Release|iPhone.ActiveCfg = Release|Any CPU
		{ADCD6BCA-2092-4E62-B002-A5A4183B96A3}.Release|iPhoneSimulator.ActiveCfg = Release|Any CPU
		{ADCD6BCA-2092-4E62-B002-A5A4183B96A3}.Release|Mixed Platforms.ActiveCfg = Release|Any CPU
		{ADCD6BCA-2092-4E62-B002-A5A4183B96A3}.Release|Mixed Platforms.Build.0 = Release|Any CPU
		{ADCD6BCA-2092-4E62-B002-A5A4183B96A3}.Release|x86.ActiveCfg = Release|Any CPU
		{BC7F781E-65D6-42F9-8244-4804EF778B2C}.Ad-Hoc|Any CPU.ActiveCfg = Release|Any CPU
		{BC7F781E-65D6-42F9-8244-4804EF778B2C}.Ad-Hoc|Any CPU.Build.0 = Release|Any CPU
		{BC7F781E-65D6-42F9-8244-4804EF778B2C}.Ad-Hoc|Any CPU.Deploy.0 = Release|Any CPU
		{BC7F781E-65D6-42F9-8244-4804EF778B2C}.Ad-Hoc|ARM.ActiveCfg = Release|Any CPU
		{BC7F781E-65D6-42F9-8244-4804EF778B2C}.Ad-Hoc|iPhone.ActiveCfg = Release|Any CPU
		{BC7F781E-65D6-42F9-8244-4804EF778B2C}.Ad-Hoc|iPhoneSimulator.ActiveCfg = Release|Any CPU
		{BC7F781E-65D6-42F9-8244-4804EF778B2C}.Ad-Hoc|Mixed Platforms.ActiveCfg = Release|Any CPU
		{BC7F781E-65D6-42F9-8244-4804EF778B2C}.Ad-Hoc|Mixed Platforms.Build.0 = Release|Any CPU
		{BC7F781E-65D6-42F9-8244-4804EF778B2C}.Ad-Hoc|Mixed Platforms.Deploy.0 = Release|Any CPU
		{BC7F781E-65D6-42F9-8244-4804EF778B2C}.Ad-Hoc|x86.ActiveCfg = Release|Any CPU
		{BC7F781E-65D6-42F9-8244-4804EF778B2C}.AppStore|Any CPU.ActiveCfg = Release|Any CPU
		{BC7F781E-65D6-42F9-8244-4804EF778B2C}.AppStore|Any CPU.Build.0 = Release|Any CPU
		{BC7F781E-65D6-42F9-8244-4804EF778B2C}.AppStore|Any CPU.Deploy.0 = Release|Any CPU
		{BC7F781E-65D6-42F9-8244-4804EF778B2C}.AppStore|ARM.ActiveCfg = Release|Any CPU
		{BC7F781E-65D6-42F9-8244-4804EF778B2C}.AppStore|iPhone.ActiveCfg = Release|Any CPU
		{BC7F781E-65D6-42F9-8244-4804EF778B2C}.AppStore|iPhoneSimulator.ActiveCfg = Release|Any CPU
		{BC7F781E-65D6-42F9-8244-4804EF778B2C}.AppStore|Mixed Platforms.ActiveCfg = Release|Any CPU
		{BC7F781E-65D6-42F9-8244-4804EF778B2C}.AppStore|Mixed Platforms.Build.0 = Release|Any CPU
		{BC7F781E-65D6-42F9-8244-4804EF778B2C}.AppStore|Mixed Platforms.Deploy.0 = Release|Any CPU
		{BC7F781E-65D6-42F9-8244-4804EF778B2C}.AppStore|x86.ActiveCfg = Release|Any CPU
		{BC7F781E-65D6-42F9-8244-4804EF778B2C}.Debug|Any CPU.ActiveCfg = Debug|Any CPU
		{BC7F781E-65D6-42F9-8244-4804EF778B2C}.Debug|Any CPU.Build.0 = Debug|Any CPU
		{BC7F781E-65D6-42F9-8244-4804EF778B2C}.Debug|Any CPU.Deploy.0 = Debug|Any CPU
		{BC7F781E-65D6-42F9-8244-4804EF778B2C}.Debug|ARM.ActiveCfg = Debug|Any CPU
		{BC7F781E-65D6-42F9-8244-4804EF778B2C}.Debug|iPhone.ActiveCfg = Debug|Any CPU
		{BC7F781E-65D6-42F9-8244-4804EF778B2C}.Debug|iPhone.Build.0 = Debug|Any CPU
		{BC7F781E-65D6-42F9-8244-4804EF778B2C}.Debug|iPhoneSimulator.ActiveCfg = Debug|Any CPU
		{BC7F781E-65D6-42F9-8244-4804EF778B2C}.Debug|iPhoneSimulator.Build.0 = Debug|Any CPU
		{BC7F781E-65D6-42F9-8244-4804EF778B2C}.Debug|Mixed Platforms.ActiveCfg = Debug|Any CPU
		{BC7F781E-65D6-42F9-8244-4804EF778B2C}.Debug|Mixed Platforms.Build.0 = Debug|Any CPU
		{BC7F781E-65D6-42F9-8244-4804EF778B2C}.Debug|Mixed Platforms.Deploy.0 = Debug|Any CPU
		{BC7F781E-65D6-42F9-8244-4804EF778B2C}.Debug|x86.ActiveCfg = Debug|Any CPU
		{BC7F781E-65D6-42F9-8244-4804EF778B2C}.Release|Any CPU.ActiveCfg = Release|Any CPU
		{BC7F781E-65D6-42F9-8244-4804EF778B2C}.Release|Any CPU.Build.0 = Release|Any CPU
		{BC7F781E-65D6-42F9-8244-4804EF778B2C}.Release|Any CPU.Deploy.0 = Release|Any CPU
		{BC7F781E-65D6-42F9-8244-4804EF778B2C}.Release|ARM.ActiveCfg = Release|Any CPU
		{BC7F781E-65D6-42F9-8244-4804EF778B2C}.Release|iPhone.ActiveCfg = Release|Any CPU
		{BC7F781E-65D6-42F9-8244-4804EF778B2C}.Release|iPhoneSimulator.ActiveCfg = Release|Any CPU
		{BC7F781E-65D6-42F9-8244-4804EF778B2C}.Release|Mixed Platforms.ActiveCfg = Release|Any CPU
		{BC7F781E-65D6-42F9-8244-4804EF778B2C}.Release|Mixed Platforms.Build.0 = Release|Any CPU
		{BC7F781E-65D6-42F9-8244-4804EF778B2C}.Release|Mixed Platforms.Deploy.0 = Release|Any CPU
		{BC7F781E-65D6-42F9-8244-4804EF778B2C}.Release|x86.ActiveCfg = Release|Any CPU
		{C1EDAE6A-2FE9-4844-B87E-032E00A15FD6}.Ad-Hoc|Any CPU.ActiveCfg = Release|Any CPU
		{C1EDAE6A-2FE9-4844-B87E-032E00A15FD6}.Ad-Hoc|Any CPU.Build.0 = Release|Any CPU
		{C1EDAE6A-2FE9-4844-B87E-032E00A15FD6}.Ad-Hoc|ARM.ActiveCfg = Debug|Any CPU
		{C1EDAE6A-2FE9-4844-B87E-032E00A15FD6}.Ad-Hoc|ARM.Build.0 = Debug|Any CPU
		{C1EDAE6A-2FE9-4844-B87E-032E00A15FD6}.Ad-Hoc|iPhone.ActiveCfg = Release|Any CPU
		{C1EDAE6A-2FE9-4844-B87E-032E00A15FD6}.Ad-Hoc|iPhone.Build.0 = Release|Any CPU
		{C1EDAE6A-2FE9-4844-B87E-032E00A15FD6}.Ad-Hoc|iPhoneSimulator.ActiveCfg = Release|Any CPU
		{C1EDAE6A-2FE9-4844-B87E-032E00A15FD6}.Ad-Hoc|iPhoneSimulator.Build.0 = Release|Any CPU
		{C1EDAE6A-2FE9-4844-B87E-032E00A15FD6}.Ad-Hoc|Mixed Platforms.ActiveCfg = Release|Any CPU
		{C1EDAE6A-2FE9-4844-B87E-032E00A15FD6}.Ad-Hoc|Mixed Platforms.Build.0 = Release|Any CPU
		{C1EDAE6A-2FE9-4844-B87E-032E00A15FD6}.Ad-Hoc|x86.ActiveCfg = Debug|Any CPU
		{C1EDAE6A-2FE9-4844-B87E-032E00A15FD6}.Ad-Hoc|x86.Build.0 = Debug|Any CPU
		{C1EDAE6A-2FE9-4844-B87E-032E00A15FD6}.AppStore|Any CPU.ActiveCfg = Release|Any CPU
		{C1EDAE6A-2FE9-4844-B87E-032E00A15FD6}.AppStore|Any CPU.Build.0 = Release|Any CPU
		{C1EDAE6A-2FE9-4844-B87E-032E00A15FD6}.AppStore|ARM.ActiveCfg = Debug|Any CPU
		{C1EDAE6A-2FE9-4844-B87E-032E00A15FD6}.AppStore|ARM.Build.0 = Debug|Any CPU
		{C1EDAE6A-2FE9-4844-B87E-032E00A15FD6}.AppStore|iPhone.ActiveCfg = Release|Any CPU
		{C1EDAE6A-2FE9-4844-B87E-032E00A15FD6}.AppStore|iPhone.Build.0 = Release|Any CPU
		{C1EDAE6A-2FE9-4844-B87E-032E00A15FD6}.AppStore|iPhoneSimulator.ActiveCfg = Release|Any CPU
		{C1EDAE6A-2FE9-4844-B87E-032E00A15FD6}.AppStore|iPhoneSimulator.Build.0 = Release|Any CPU
		{C1EDAE6A-2FE9-4844-B87E-032E00A15FD6}.AppStore|Mixed Platforms.ActiveCfg = Release|Any CPU
		{C1EDAE6A-2FE9-4844-B87E-032E00A15FD6}.AppStore|Mixed Platforms.Build.0 = Release|Any CPU
		{C1EDAE6A-2FE9-4844-B87E-032E00A15FD6}.AppStore|x86.ActiveCfg = Debug|Any CPU
		{C1EDAE6A-2FE9-4844-B87E-032E00A15FD6}.AppStore|x86.Build.0 = Debug|Any CPU
		{C1EDAE6A-2FE9-4844-B87E-032E00A15FD6}.Debug|Any CPU.ActiveCfg = Debug|Any CPU
		{C1EDAE6A-2FE9-4844-B87E-032E00A15FD6}.Debug|Any CPU.Build.0 = Debug|Any CPU
		{C1EDAE6A-2FE9-4844-B87E-032E00A15FD6}.Debug|ARM.ActiveCfg = Debug|Any CPU
		{C1EDAE6A-2FE9-4844-B87E-032E00A15FD6}.Debug|ARM.Build.0 = Debug|Any CPU
		{C1EDAE6A-2FE9-4844-B87E-032E00A15FD6}.Debug|iPhone.ActiveCfg = Debug|Any CPU
		{C1EDAE6A-2FE9-4844-B87E-032E00A15FD6}.Debug|iPhone.Build.0 = Debug|Any CPU
		{C1EDAE6A-2FE9-4844-B87E-032E00A15FD6}.Debug|iPhoneSimulator.ActiveCfg = Debug|Any CPU
		{C1EDAE6A-2FE9-4844-B87E-032E00A15FD6}.Debug|iPhoneSimulator.Build.0 = Debug|Any CPU
		{C1EDAE6A-2FE9-4844-B87E-032E00A15FD6}.Debug|Mixed Platforms.ActiveCfg = Debug|Any CPU
		{C1EDAE6A-2FE9-4844-B87E-032E00A15FD6}.Debug|Mixed Platforms.Build.0 = Debug|Any CPU
		{C1EDAE6A-2FE9-4844-B87E-032E00A15FD6}.Debug|x86.ActiveCfg = Debug|Any CPU
		{C1EDAE6A-2FE9-4844-B87E-032E00A15FD6}.Debug|x86.Build.0 = Debug|Any CPU
		{C1EDAE6A-2FE9-4844-B87E-032E00A15FD6}.Release|Any CPU.ActiveCfg = Release|Any CPU
		{C1EDAE6A-2FE9-4844-B87E-032E00A15FD6}.Release|Any CPU.Build.0 = Release|Any CPU
		{C1EDAE6A-2FE9-4844-B87E-032E00A15FD6}.Release|ARM.ActiveCfg = Release|Any CPU
		{C1EDAE6A-2FE9-4844-B87E-032E00A15FD6}.Release|ARM.Build.0 = Release|Any CPU
		{C1EDAE6A-2FE9-4844-B87E-032E00A15FD6}.Release|iPhone.ActiveCfg = Release|Any CPU
		{C1EDAE6A-2FE9-4844-B87E-032E00A15FD6}.Release|iPhone.Build.0 = Release|Any CPU
		{C1EDAE6A-2FE9-4844-B87E-032E00A15FD6}.Release|iPhoneSimulator.ActiveCfg = Release|Any CPU
		{C1EDAE6A-2FE9-4844-B87E-032E00A15FD6}.Release|iPhoneSimulator.Build.0 = Release|Any CPU
		{C1EDAE6A-2FE9-4844-B87E-032E00A15FD6}.Release|Mixed Platforms.ActiveCfg = Release|Any CPU
		{C1EDAE6A-2FE9-4844-B87E-032E00A15FD6}.Release|Mixed Platforms.Build.0 = Release|Any CPU
		{C1EDAE6A-2FE9-4844-B87E-032E00A15FD6}.Release|x86.ActiveCfg = Release|Any CPU
		{C1EDAE6A-2FE9-4844-B87E-032E00A15FD6}.Release|x86.Build.0 = Release|Any CPU
		{E80589FC-5034-40A6-A946-4FF45513CB95}.Ad-Hoc|Any CPU.ActiveCfg = Release|Any CPU
		{E80589FC-5034-40A6-A946-4FF45513CB95}.Ad-Hoc|Any CPU.Build.0 = Release|Any CPU
		{E80589FC-5034-40A6-A946-4FF45513CB95}.Ad-Hoc|ARM.ActiveCfg = Debug|Any CPU
		{E80589FC-5034-40A6-A946-4FF45513CB95}.Ad-Hoc|iPhone.ActiveCfg = Release|Any CPU
		{E80589FC-5034-40A6-A946-4FF45513CB95}.Ad-Hoc|iPhoneSimulator.ActiveCfg = Release|Any CPU
		{E80589FC-5034-40A6-A946-4FF45513CB95}.Ad-Hoc|Mixed Platforms.ActiveCfg = Release|Any CPU
		{E80589FC-5034-40A6-A946-4FF45513CB95}.Ad-Hoc|Mixed Platforms.Build.0 = Release|Any CPU
		{E80589FC-5034-40A6-A946-4FF45513CB95}.Ad-Hoc|x86.ActiveCfg = Debug|Any CPU
		{E80589FC-5034-40A6-A946-4FF45513CB95}.AppStore|Any CPU.ActiveCfg = Release|Any CPU
		{E80589FC-5034-40A6-A946-4FF45513CB95}.AppStore|Any CPU.Build.0 = Release|Any CPU
		{E80589FC-5034-40A6-A946-4FF45513CB95}.AppStore|ARM.ActiveCfg = Debug|Any CPU
		{E80589FC-5034-40A6-A946-4FF45513CB95}.AppStore|iPhone.ActiveCfg = Release|Any CPU
		{E80589FC-5034-40A6-A946-4FF45513CB95}.AppStore|iPhoneSimulator.ActiveCfg = Release|Any CPU
		{E80589FC-5034-40A6-A946-4FF45513CB95}.AppStore|Mixed Platforms.ActiveCfg = Release|Any CPU
		{E80589FC-5034-40A6-A946-4FF45513CB95}.AppStore|Mixed Platforms.Build.0 = Release|Any CPU
		{E80589FC-5034-40A6-A946-4FF45513CB95}.AppStore|x86.ActiveCfg = Debug|Any CPU
		{E80589FC-5034-40A6-A946-4FF45513CB95}.Debug|Any CPU.ActiveCfg = Debug|Any CPU
		{E80589FC-5034-40A6-A946-4FF45513CB95}.Debug|Any CPU.Build.0 = Debug|Any CPU
		{E80589FC-5034-40A6-A946-4FF45513CB95}.Debug|ARM.ActiveCfg = Debug|Any CPU
		{E80589FC-5034-40A6-A946-4FF45513CB95}.Debug|iPhone.ActiveCfg = Debug|Any CPU
		{E80589FC-5034-40A6-A946-4FF45513CB95}.Debug|iPhone.Build.0 = Debug|Any CPU
		{E80589FC-5034-40A6-A946-4FF45513CB95}.Debug|iPhoneSimulator.ActiveCfg = Debug|Any CPU
		{E80589FC-5034-40A6-A946-4FF45513CB95}.Debug|iPhoneSimulator.Build.0 = Debug|Any CPU
		{E80589FC-5034-40A6-A946-4FF45513CB95}.Debug|Mixed Platforms.ActiveCfg = Debug|Any CPU
		{E80589FC-5034-40A6-A946-4FF45513CB95}.Debug|Mixed Platforms.Build.0 = Debug|Any CPU
		{E80589FC-5034-40A6-A946-4FF45513CB95}.Debug|x86.ActiveCfg = Debug|Any CPU
		{E80589FC-5034-40A6-A946-4FF45513CB95}.Release|Any CPU.ActiveCfg = Release|Any CPU
		{E80589FC-5034-40A6-A946-4FF45513CB95}.Release|Any CPU.Build.0 = Release|Any CPU
		{E80589FC-5034-40A6-A946-4FF45513CB95}.Release|ARM.ActiveCfg = Release|Any CPU
		{E80589FC-5034-40A6-A946-4FF45513CB95}.Release|iPhone.ActiveCfg = Release|Any CPU
		{E80589FC-5034-40A6-A946-4FF45513CB95}.Release|iPhoneSimulator.ActiveCfg = Release|Any CPU
		{E80589FC-5034-40A6-A946-4FF45513CB95}.Release|Mixed Platforms.ActiveCfg = Release|Any CPU
		{E80589FC-5034-40A6-A946-4FF45513CB95}.Release|Mixed Platforms.Build.0 = Release|Any CPU
		{E80589FC-5034-40A6-A946-4FF45513CB95}.Release|x86.ActiveCfg = Release|Any CPU
		{F233F474-E161-4D38-9078-2BCDAF0F1207}.Ad-Hoc|Any CPU.ActiveCfg = Release|Any CPU
		{F233F474-E161-4D38-9078-2BCDAF0F1207}.Ad-Hoc|Any CPU.Build.0 = Release|Any CPU
		{F233F474-E161-4D38-9078-2BCDAF0F1207}.Ad-Hoc|ARM.ActiveCfg = Release|Any CPU
		{F233F474-E161-4D38-9078-2BCDAF0F1207}.Ad-Hoc|ARM.Build.0 = Release|Any CPU
		{F233F474-E161-4D38-9078-2BCDAF0F1207}.Ad-Hoc|iPhone.ActiveCfg = Release|Any CPU
		{F233F474-E161-4D38-9078-2BCDAF0F1207}.Ad-Hoc|iPhone.Build.0 = Release|Any CPU
		{F233F474-E161-4D38-9078-2BCDAF0F1207}.Ad-Hoc|iPhoneSimulator.ActiveCfg = Release|Any CPU
		{F233F474-E161-4D38-9078-2BCDAF0F1207}.Ad-Hoc|iPhoneSimulator.Build.0 = Release|Any CPU
		{F233F474-E161-4D38-9078-2BCDAF0F1207}.Ad-Hoc|Mixed Platforms.ActiveCfg = Release|Any CPU
		{F233F474-E161-4D38-9078-2BCDAF0F1207}.Ad-Hoc|Mixed Platforms.Build.0 = Release|Any CPU
		{F233F474-E161-4D38-9078-2BCDAF0F1207}.Ad-Hoc|x86.ActiveCfg = Release|Any CPU
		{F233F474-E161-4D38-9078-2BCDAF0F1207}.Ad-Hoc|x86.Build.0 = Release|Any CPU
		{F233F474-E161-4D38-9078-2BCDAF0F1207}.AppStore|Any CPU.ActiveCfg = Release|Any CPU
		{F233F474-E161-4D38-9078-2BCDAF0F1207}.AppStore|Any CPU.Build.0 = Release|Any CPU
		{F233F474-E161-4D38-9078-2BCDAF0F1207}.AppStore|ARM.ActiveCfg = Release|Any CPU
		{F233F474-E161-4D38-9078-2BCDAF0F1207}.AppStore|ARM.Build.0 = Release|Any CPU
		{F233F474-E161-4D38-9078-2BCDAF0F1207}.AppStore|iPhone.ActiveCfg = Release|Any CPU
		{F233F474-E161-4D38-9078-2BCDAF0F1207}.AppStore|iPhone.Build.0 = Release|Any CPU
		{F233F474-E161-4D38-9078-2BCDAF0F1207}.AppStore|iPhoneSimulator.ActiveCfg = Release|Any CPU
		{F233F474-E161-4D38-9078-2BCDAF0F1207}.AppStore|iPhoneSimulator.Build.0 = Release|Any CPU
		{F233F474-E161-4D38-9078-2BCDAF0F1207}.AppStore|Mixed Platforms.ActiveCfg = Release|Any CPU
		{F233F474-E161-4D38-9078-2BCDAF0F1207}.AppStore|Mixed Platforms.Build.0 = Release|Any CPU
		{F233F474-E161-4D38-9078-2BCDAF0F1207}.AppStore|x86.ActiveCfg = Release|Any CPU
		{F233F474-E161-4D38-9078-2BCDAF0F1207}.AppStore|x86.Build.0 = Release|Any CPU
		{F233F474-E161-4D38-9078-2BCDAF0F1207}.Debug|Any CPU.ActiveCfg = Debug|Any CPU
		{F233F474-E161-4D38-9078-2BCDAF0F1207}.Debug|Any CPU.Build.0 = Debug|Any CPU
		{F233F474-E161-4D38-9078-2BCDAF0F1207}.Debug|ARM.ActiveCfg = Debug|Any CPU
		{F233F474-E161-4D38-9078-2BCDAF0F1207}.Debug|ARM.Build.0 = Debug|Any CPU
		{F233F474-E161-4D38-9078-2BCDAF0F1207}.Debug|iPhone.ActiveCfg = Debug|Any CPU
		{F233F474-E161-4D38-9078-2BCDAF0F1207}.Debug|iPhone.Build.0 = Debug|Any CPU
		{F233F474-E161-4D38-9078-2BCDAF0F1207}.Debug|iPhoneSimulator.ActiveCfg = Debug|Any CPU
		{F233F474-E161-4D38-9078-2BCDAF0F1207}.Debug|iPhoneSimulator.Build.0 = Debug|Any CPU
		{F233F474-E161-4D38-9078-2BCDAF0F1207}.Debug|Mixed Platforms.ActiveCfg = Debug|Any CPU
		{F233F474-E161-4D38-9078-2BCDAF0F1207}.Debug|Mixed Platforms.Build.0 = Debug|Any CPU
		{F233F474-E161-4D38-9078-2BCDAF0F1207}.Debug|x86.ActiveCfg = Debug|Any CPU
		{F233F474-E161-4D38-9078-2BCDAF0F1207}.Debug|x86.Build.0 = Debug|Any CPU
		{F233F474-E161-4D38-9078-2BCDAF0F1207}.Release|Any CPU.ActiveCfg = Release|Any CPU
		{F233F474-E161-4D38-9078-2BCDAF0F1207}.Release|Any CPU.Build.0 = Release|Any CPU
		{F233F474-E161-4D38-9078-2BCDAF0F1207}.Release|ARM.ActiveCfg = Release|Any CPU
		{F233F474-E161-4D38-9078-2BCDAF0F1207}.Release|ARM.Build.0 = Release|Any CPU
		{F233F474-E161-4D38-9078-2BCDAF0F1207}.Release|iPhone.ActiveCfg = Release|Any CPU
		{F233F474-E161-4D38-9078-2BCDAF0F1207}.Release|iPhone.Build.0 = Release|Any CPU
		{F233F474-E161-4D38-9078-2BCDAF0F1207}.Release|iPhoneSimulator.ActiveCfg = Release|Any CPU
		{F233F474-E161-4D38-9078-2BCDAF0F1207}.Release|iPhoneSimulator.Build.0 = Release|Any CPU
		{F233F474-E161-4D38-9078-2BCDAF0F1207}.Release|Mixed Platforms.ActiveCfg = Release|Any CPU
		{F233F474-E161-4D38-9078-2BCDAF0F1207}.Release|Mixed Platforms.Build.0 = Release|Any CPU
		{F233F474-E161-4D38-9078-2BCDAF0F1207}.Release|x86.ActiveCfg = Release|Any CPU
		{F233F474-E161-4D38-9078-2BCDAF0F1207}.Release|x86.Build.0 = Release|Any CPU
		{F39B9D88-09F7-4B04-9476-BF01A75E46DE}.Ad-Hoc|Any CPU.ActiveCfg = Release|Any CPU
		{F39B9D88-09F7-4B04-9476-BF01A75E46DE}.Ad-Hoc|Any CPU.Build.0 = Release|Any CPU
		{F39B9D88-09F7-4B04-9476-BF01A75E46DE}.Ad-Hoc|ARM.ActiveCfg = Release|Any CPU
		{F39B9D88-09F7-4B04-9476-BF01A75E46DE}.Ad-Hoc|ARM.Build.0 = Release|Any CPU
		{F39B9D88-09F7-4B04-9476-BF01A75E46DE}.Ad-Hoc|iPhone.ActiveCfg = Release|Any CPU
		{F39B9D88-09F7-4B04-9476-BF01A75E46DE}.Ad-Hoc|iPhone.Build.0 = Release|Any CPU
		{F39B9D88-09F7-4B04-9476-BF01A75E46DE}.Ad-Hoc|iPhoneSimulator.ActiveCfg = Release|Any CPU
		{F39B9D88-09F7-4B04-9476-BF01A75E46DE}.Ad-Hoc|iPhoneSimulator.Build.0 = Release|Any CPU
		{F39B9D88-09F7-4B04-9476-BF01A75E46DE}.Ad-Hoc|Mixed Platforms.ActiveCfg = Release|Any CPU
		{F39B9D88-09F7-4B04-9476-BF01A75E46DE}.Ad-Hoc|Mixed Platforms.Build.0 = Release|Any CPU
		{F39B9D88-09F7-4B04-9476-BF01A75E46DE}.Ad-Hoc|x86.ActiveCfg = Release|Any CPU
		{F39B9D88-09F7-4B04-9476-BF01A75E46DE}.Ad-Hoc|x86.Build.0 = Release|Any CPU
		{F39B9D88-09F7-4B04-9476-BF01A75E46DE}.AppStore|Any CPU.ActiveCfg = Release|Any CPU
		{F39B9D88-09F7-4B04-9476-BF01A75E46DE}.AppStore|Any CPU.Build.0 = Release|Any CPU
		{F39B9D88-09F7-4B04-9476-BF01A75E46DE}.AppStore|ARM.ActiveCfg = Release|Any CPU
		{F39B9D88-09F7-4B04-9476-BF01A75E46DE}.AppStore|ARM.Build.0 = Release|Any CPU
		{F39B9D88-09F7-4B04-9476-BF01A75E46DE}.AppStore|iPhone.ActiveCfg = Release|Any CPU
		{F39B9D88-09F7-4B04-9476-BF01A75E46DE}.AppStore|iPhone.Build.0 = Release|Any CPU
		{F39B9D88-09F7-4B04-9476-BF01A75E46DE}.AppStore|iPhoneSimulator.ActiveCfg = Release|Any CPU
		{F39B9D88-09F7-4B04-9476-BF01A75E46DE}.AppStore|iPhoneSimulator.Build.0 = Release|Any CPU
		{F39B9D88-09F7-4B04-9476-BF01A75E46DE}.AppStore|Mixed Platforms.ActiveCfg = Release|Any CPU
		{F39B9D88-09F7-4B04-9476-BF01A75E46DE}.AppStore|Mixed Platforms.Build.0 = Release|Any CPU
		{F39B9D88-09F7-4B04-9476-BF01A75E46DE}.AppStore|x86.ActiveCfg = Release|Any CPU
		{F39B9D88-09F7-4B04-9476-BF01A75E46DE}.AppStore|x86.Build.0 = Release|Any CPU
		{F39B9D88-09F7-4B04-9476-BF01A75E46DE}.Debug|Any CPU.ActiveCfg = Debug|Any CPU
		{F39B9D88-09F7-4B04-9476-BF01A75E46DE}.Debug|Any CPU.Build.0 = Debug|Any CPU
		{F39B9D88-09F7-4B04-9476-BF01A75E46DE}.Debug|ARM.ActiveCfg = Debug|Any CPU
		{F39B9D88-09F7-4B04-9476-BF01A75E46DE}.Debug|ARM.Build.0 = Debug|Any CPU
		{F39B9D88-09F7-4B04-9476-BF01A75E46DE}.Debug|iPhone.ActiveCfg = Debug|Any CPU
		{F39B9D88-09F7-4B04-9476-BF01A75E46DE}.Debug|iPhone.Build.0 = Debug|Any CPU
		{F39B9D88-09F7-4B04-9476-BF01A75E46DE}.Debug|iPhoneSimulator.ActiveCfg = Debug|Any CPU
		{F39B9D88-09F7-4B04-9476-BF01A75E46DE}.Debug|iPhoneSimulator.Build.0 = Debug|Any CPU
		{F39B9D88-09F7-4B04-9476-BF01A75E46DE}.Debug|Mixed Platforms.ActiveCfg = Debug|Any CPU
		{F39B9D88-09F7-4B04-9476-BF01A75E46DE}.Debug|Mixed Platforms.Build.0 = Debug|Any CPU
		{F39B9D88-09F7-4B04-9476-BF01A75E46DE}.Debug|x86.ActiveCfg = Debug|Any CPU
		{F39B9D88-09F7-4B04-9476-BF01A75E46DE}.Debug|x86.Build.0 = Debug|Any CPU
		{F39B9D88-09F7-4B04-9476-BF01A75E46DE}.Release|Any CPU.ActiveCfg = Release|Any CPU
		{F39B9D88-09F7-4B04-9476-BF01A75E46DE}.Release|Any CPU.Build.0 = Release|Any CPU
		{F39B9D88-09F7-4B04-9476-BF01A75E46DE}.Release|ARM.ActiveCfg = Release|Any CPU
		{F39B9D88-09F7-4B04-9476-BF01A75E46DE}.Release|ARM.Build.0 = Release|Any CPU
		{F39B9D88-09F7-4B04-9476-BF01A75E46DE}.Release|iPhone.ActiveCfg = Release|Any CPU
		{F39B9D88-09F7-4B04-9476-BF01A75E46DE}.Release|iPhone.Build.0 = Release|Any CPU
		{F39B9D88-09F7-4B04-9476-BF01A75E46DE}.Release|iPhoneSimulator.ActiveCfg = Release|Any CPU
		{F39B9D88-09F7-4B04-9476-BF01A75E46DE}.Release|iPhoneSimulator.Build.0 = Release|Any CPU
		{F39B9D88-09F7-4B04-9476-BF01A75E46DE}.Release|Mixed Platforms.ActiveCfg = Release|Any CPU
		{F39B9D88-09F7-4B04-9476-BF01A75E46DE}.Release|Mixed Platforms.Build.0 = Release|Any CPU
		{F39B9D88-09F7-4B04-9476-BF01A75E46DE}.Release|x86.ActiveCfg = Release|Any CPU
		{F39B9D88-09F7-4B04-9476-BF01A75E46DE}.Release|x86.Build.0 = Release|Any CPU
		{F943CAFB-0FF9-46A8-8698-95F0BE6E3A86}.Ad-Hoc|Any CPU.ActiveCfg = Release|Any CPU
		{F943CAFB-0FF9-46A8-8698-95F0BE6E3A86}.Ad-Hoc|Any CPU.Build.0 = Release|Any CPU
		{F943CAFB-0FF9-46A8-8698-95F0BE6E3A86}.Ad-Hoc|ARM.ActiveCfg = Release|Any CPU
		{F943CAFB-0FF9-46A8-8698-95F0BE6E3A86}.Ad-Hoc|iPhone.ActiveCfg = Release|Any CPU
		{F943CAFB-0FF9-46A8-8698-95F0BE6E3A86}.Ad-Hoc|iPhoneSimulator.ActiveCfg = Release|Any CPU
		{F943CAFB-0FF9-46A8-8698-95F0BE6E3A86}.Ad-Hoc|Mixed Platforms.ActiveCfg = Release|Any CPU
		{F943CAFB-0FF9-46A8-8698-95F0BE6E3A86}.Ad-Hoc|Mixed Platforms.Build.0 = Release|Any CPU
		{F943CAFB-0FF9-46A8-8698-95F0BE6E3A86}.Ad-Hoc|x86.ActiveCfg = Release|Any CPU
		{F943CAFB-0FF9-46A8-8698-95F0BE6E3A86}.AppStore|Any CPU.ActiveCfg = Release|Any CPU
		{F943CAFB-0FF9-46A8-8698-95F0BE6E3A86}.AppStore|Any CPU.Build.0 = Release|Any CPU
		{F943CAFB-0FF9-46A8-8698-95F0BE6E3A86}.AppStore|ARM.ActiveCfg = Release|Any CPU
		{F943CAFB-0FF9-46A8-8698-95F0BE6E3A86}.AppStore|iPhone.ActiveCfg = Release|Any CPU
		{F943CAFB-0FF9-46A8-8698-95F0BE6E3A86}.AppStore|iPhoneSimulator.ActiveCfg = Release|Any CPU
		{F943CAFB-0FF9-46A8-8698-95F0BE6E3A86}.AppStore|Mixed Platforms.ActiveCfg = Release|Any CPU
		{F943CAFB-0FF9-46A8-8698-95F0BE6E3A86}.AppStore|Mixed Platforms.Build.0 = Release|Any CPU
		{F943CAFB-0FF9-46A8-8698-95F0BE6E3A86}.AppStore|x86.ActiveCfg = Release|Any CPU
		{F943CAFB-0FF9-46A8-8698-95F0BE6E3A86}.Debug|Any CPU.ActiveCfg = Debug|Any CPU
		{F943CAFB-0FF9-46A8-8698-95F0BE6E3A86}.Debug|Any CPU.Build.0 = Debug|Any CPU
		{F943CAFB-0FF9-46A8-8698-95F0BE6E3A86}.Debug|ARM.ActiveCfg = Debug|Any CPU
		{F943CAFB-0FF9-46A8-8698-95F0BE6E3A86}.Debug|iPhone.ActiveCfg = Debug|Any CPU
		{F943CAFB-0FF9-46A8-8698-95F0BE6E3A86}.Debug|iPhone.Build.0 = Debug|Any CPU
		{F943CAFB-0FF9-46A8-8698-95F0BE6E3A86}.Debug|iPhoneSimulator.ActiveCfg = Debug|Any CPU
		{F943CAFB-0FF9-46A8-8698-95F0BE6E3A86}.Debug|iPhoneSimulator.Build.0 = Debug|Any CPU
		{F943CAFB-0FF9-46A8-8698-95F0BE6E3A86}.Debug|Mixed Platforms.ActiveCfg = Debug|Any CPU
		{F943CAFB-0FF9-46A8-8698-95F0BE6E3A86}.Debug|Mixed Platforms.Build.0 = Debug|Any CPU
		{F943CAFB-0FF9-46A8-8698-95F0BE6E3A86}.Debug|x86.ActiveCfg = Debug|Any CPU
		{F943CAFB-0FF9-46A8-8698-95F0BE6E3A86}.Release|Any CPU.ActiveCfg = Release|Any CPU
		{F943CAFB-0FF9-46A8-8698-95F0BE6E3A86}.Release|Any CPU.Build.0 = Release|Any CPU
		{F943CAFB-0FF9-46A8-8698-95F0BE6E3A86}.Release|ARM.ActiveCfg = Release|Any CPU
		{F943CAFB-0FF9-46A8-8698-95F0BE6E3A86}.Release|iPhone.ActiveCfg = Release|Any CPU
		{F943CAFB-0FF9-46A8-8698-95F0BE6E3A86}.Release|iPhoneSimulator.ActiveCfg = Release|Any CPU
		{F943CAFB-0FF9-46A8-8698-95F0BE6E3A86}.Release|Mixed Platforms.ActiveCfg = Release|Any CPU
		{F943CAFB-0FF9-46A8-8698-95F0BE6E3A86}.Release|Mixed Platforms.Build.0 = Release|Any CPU
		{F943CAFB-0FF9-46A8-8698-95F0BE6E3A86}.Release|x86.ActiveCfg = Release|Any CPU
	EndGlobalSection
	GlobalSection(NestedProjects) = preSolution
		{ADCD6BCA-2092-4E62-B002-A5A4183B96A3} = {05CA61A2-4D25-4221-8619-12D318E5A3D6}
		{BC7F781E-65D6-42F9-8244-4804EF778B2C} = {05CA61A2-4D25-4221-8619-12D318E5A3D6}
		{A9AFD0AE-ACFA-4441-B37E-0BD44ACCC431} = {05CA61A2-4D25-4221-8619-12D318E5A3D6}
		{C1EDAE6A-2FE9-4844-B87E-032E00A15FD6} = {05CA61A2-4D25-4221-8619-12D318E5A3D6}
		{F233F474-E161-4D38-9078-2BCDAF0F1207} = {D3441B4E-A7B1-4A3A-AF53-D0D141E9BC2A}
	EndGlobalSection
	GlobalSection(MonoDevelopProperties) = preSolution
		Policies = $0
		$0.TextStylePolicy = $1
		$1.inheritsSet = null
		$1.scope = text/x-csharp
		$0.CSharpFormattingPolicy = $2
		$2.AfterDelegateDeclarationParameterComma = True
		$2.inheritsSet = Mono
		$2.inheritsScope = text/x-csharp
		$2.scope = text/x-csharp
	EndGlobalSection
	GlobalSection(SolutionProperties) = preSolution
		HideSolutionNode = FALSE
	EndGlobalSection
EndGlobal
